
Microsoft Visual Studio Solution File, Format Version 12.00
# Visual Studio Version 17
VisualStudioVersion = 17.5.33414.496
MinimumVisualStudioVersion = 10.0.40219.1
Project("{FAE04EC0-301F-11D3-BF4B-00C04F79EFBC}") = "ContactsControl", "ContactsControl\ContactsControl.csproj", "{035D8F63-ECE6-4564-8203-487552050A3E}"
EndProject
Global
	GlobalSection(SolutionConfigurationPlatforms) = preSolution
		Debug|Any CPU = Debug|Any CPU
		Release|Any CPU = Release|Any CPU
	EndGlobalSection
	GlobalSection(ProjectConfigurationPlatforms) = postSolution
		{035D8F63-ECE6-4564-8203-487552050A3E}.Debug|Any CPU.ActiveCfg = Debug|Any CPU
		{035D8F63-ECE6-4564-8203-487552050A3E}.Debug|Any CPU.Build.0 = Debug|Any CPU
		{035D8F63-ECE6-4564-8203-487552050A3E}.Release|Any CPU.ActiveCfg = Release|Any CPU
		{035D8F63-ECE6-4564-8203-487552050A3E}.Release|Any CPU.Build.0 = Release|Any CPU
	EndGlobalSection
	GlobalSection(SolutionProperties) = preSolution
		HideSolutionNode = FALSE
	EndGlobalSection
	GlobalSection(ExtensibilityGlobals) = postSolution
		SolutionGuid = {C3658E12-92BC-4365-96FE-305BDCD4EC09}
	EndGlobalSection
EndGlobal
